
Microsoft Visual Studio Solution File, Format Version 11.00
# Visual Studio 2010
Project("{E24C65DC-7377-472B-9ABA-BC803B73C61A}") = "CalculadoraTA", ".", "{83A07B38-E53B-4BF0-A486-9377708C452D}"
	ProjectSection(WebsiteProperties) = preProject
		TargetFrameworkMoniker = ".NETFramework,Version%3Dv4.0"
		Debug.AspNetCompiler.VirtualPath = "/CalculadoraTA"
		Debug.AspNetCompiler.PhysicalPath = "..\CalculadoraTA\"
		Debug.AspNetCompiler.TargetPath = "PrecompiledWeb\CalculadoraTA\"
		Debug.AspNetCompiler.Updateable = "true"
		Debug.AspNetCompiler.ForceOverwrite = "true"
		Debug.AspNetCompiler.FixedNames = "false"
		Debug.AspNetCompiler.Debug = "True"
		Release.AspNetCompiler.VirtualPath = "/CalculadoraTA"
		Release.AspNetCompiler.PhysicalPath = "..\CalculadoraTA\"
		Release.AspNetCompiler.TargetPath = "PrecompiledWeb\CalculadoraTA\"
		Release.AspNetCompiler.Updateable = "true"
		Release.AspNetCompiler.ForceOverwrite = "true"
		Release.AspNetCompiler.FixedNames = "false"
		Release.AspNetCompiler.Debug = "False"
		VWDPort = "9266"
	EndProjectSection
EndProject
Global
	GlobalSection(SolutionConfigurationPlatforms) = preSolution
		Debug|Any CPU = Debug|Any CPU
	EndGlobalSection
	GlobalSection(ProjectConfigurationPlatforms) = postSolution
		{83A07B38-E53B-4BF0-A486-9377708C452D}.Debug|Any CPU.ActiveCfg = Debug|Any CPU
		{83A07B38-E53B-4BF0-A486-9377708C452D}.Debug|Any CPU.Build.0 = Debug|Any CPU
	EndGlobalSection
	GlobalSection(SolutionProperties) = preSolution
		HideSolutionNode = FALSE
	EndGlobalSection
EndGlobal
